// !$*UTF8*$!
{
	archiveVersion = 1;
	classes = {
	};
	objectVersion = 56;
	objects = {

/* Begin PBXBuildFile section */
		85B9F4D0D3D94887AA65E1E4 /* Pods_SensorProject.framework in Frameworks */ = {isa = PBXBuildFile; fileRef = 3925C9B630C3EB683D20B6D1 /* Pods_SensorProject.framework */; };
		FF6A64C62C5B24900084DA4F /* RegisterViewModel.swift in Sources */ = {isa = PBXBuildFile; fileRef = FF6A64C52C5B24900084DA4F /* RegisterViewModel.swift */; };
		FF6A64C82C5B49890084DA4F /* Topic.swift in Sources */ = {isa = PBXBuildFile; fileRef = FF6A64C72C5B49890084DA4F /* Topic.swift */; };
		FF6A64CB2C5B531C0084DA4F /* ClientViewModel.swift in Sources */ = {isa = PBXBuildFile; fileRef = FF6A64CA2C5B531C0084DA4F /* ClientViewModel.swift */; };
		FF6A64CD2C5B53680084DA4F /* ClientView.swift in Sources */ = {isa = PBXBuildFile; fileRef = FF6A64CC2C5B53680084DA4F /* ClientView.swift */; };
		FF9AC3422C5A7887009677CA /* SensorReadingCard.swift in Sources */ = {isa = PBXBuildFile; fileRef = FF9AC3412C5A7887009677CA /* SensorReadingCard.swift */; };
		FF9AC3442C5A8380009677CA /* MessageCell.swift in Sources */ = {isa = PBXBuildFile; fileRef = FF9AC3432C5A8380009677CA /* MessageCell.swift */; };
		FF9AC3472C5A9CFE009677CA /* RegisterView.swift in Sources */ = {isa = PBXBuildFile; fileRef = FF9AC3462C5A9CFE009677CA /* RegisterView.swift */; };
		FFA3A3042C5755ED0006F2C9 /* SensorProjectApp.swift in Sources */ = {isa = PBXBuildFile; fileRef = FFA3A3032C5755ED0006F2C9 /* SensorProjectApp.swift */; };
		FFA3A3062C5755ED0006F2C9 /* SensorView.swift in Sources */ = {isa = PBXBuildFile; fileRef = FFA3A3052C5755ED0006F2C9 /* SensorView.swift */; };
		FFA3A3082C5755EE0006F2C9 /* Assets.xcassets in Resources */ = {isa = PBXBuildFile; fileRef = FFA3A3072C5755EE0006F2C9 /* Assets.xcassets */; };
		FFA3A30B2C5755EE0006F2C9 /* Preview Assets.xcassets in Resources */ = {isa = PBXBuildFile; fileRef = FFA3A30A2C5755EE0006F2C9 /* Preview Assets.xcassets */; };
		FFA3A3192C57597D0006F2C9 /* SensorModel.swift in Sources */ = {isa = PBXBuildFile; fileRef = FFA3A3182C57597D0006F2C9 /* SensorModel.swift */; };
		FFA3A31C2C5759EC0006F2C9 /* Parameter.swift in Sources */ = {isa = PBXBuildFile; fileRef = FFA3A31B2C5759EC0006F2C9 /* Parameter.swift */; };
		FFA3A3212C575C430006F2C9 /* PublisherServiceProtocol.swift in Sources */ = {isa = PBXBuildFile; fileRef = FFA3A3202C575C430006F2C9 /* PublisherServiceProtocol.swift */; };
		FFA3A3242C57605A0006F2C9 /* Repository.swift in Sources */ = {isa = PBXBuildFile; fileRef = FFA3A3232C57605A0006F2C9 /* Repository.swift */; };
		FFA3A3262C5760BF0006F2C9 /* SensorViewModel.swift in Sources */ = {isa = PBXBuildFile; fileRef = FFA3A3252C5760BF0006F2C9 /* SensorViewModel.swift */; };
		FFA3A3282C57B0C60006F2C9 /* SubscriberServiceProtocol.swift in Sources */ = {isa = PBXBuildFile; fileRef = FFA3A3272C57B0C60006F2C9 /* SubscriberServiceProtocol.swift */; };
		FFA3A32B2C57C4FA0006F2C9 /* Message.swift in Sources */ = {isa = PBXBuildFile; fileRef = FFA3A32A2C57C4FA0006F2C9 /* Message.swift */; };
		FFA3A32E2C57CA3F0006F2C9 /* ButtonStyle.swift in Sources */ = {isa = PBXBuildFile; fileRef = FFA3A32D2C57CA3F0006F2C9 /* ButtonStyle.swift */; };
/* End PBXBuildFile section */

/* Begin PBXFileReference section */
		3925C9B630C3EB683D20B6D1 /* Pods_SensorProject.framework */ = {isa = PBXFileReference; explicitFileType = wrapper.framework; includeInIndex = 0; path = Pods_SensorProject.framework; sourceTree = BUILT_PRODUCTS_DIR; };
		4D69F4AD31B6A603C1CC18C1 /* Pods-SensorProject.release.xcconfig */ = {isa = PBXFileReference; includeInIndex = 1; lastKnownFileType = text.xcconfig; name = "Pods-SensorProject.release.xcconfig"; path = "Target Support Files/Pods-SensorProject/Pods-SensorProject.release.xcconfig"; sourceTree = "<group>"; };
		BDC76336C29DF6988D95288C /* Pods-SensorProject.debug.xcconfig */ = {isa = PBXFileReference; includeInIndex = 1; lastKnownFileType = text.xcconfig; name = "Pods-SensorProject.debug.xcconfig"; path = "Target Support Files/Pods-SensorProject/Pods-SensorProject.debug.xcconfig"; sourceTree = "<group>"; };
		FF6A64C52C5B24900084DA4F /* RegisterViewModel.swift */ = {isa = PBXFileReference; lastKnownFileType = sourcecode.swift; path = RegisterViewModel.swift; sourceTree = "<group>"; };
		FF6A64C72C5B49890084DA4F /* Topic.swift */ = {isa = PBXFileReference; lastKnownFileType = sourcecode.swift; path = Topic.swift; sourceTree = "<group>"; };
		FF6A64CA2C5B531C0084DA4F /* ClientViewModel.swift */ = {isa = PBXFileReference; lastKnownFileType = sourcecode.swift; path = ClientViewModel.swift; sourceTree = "<group>"; };
		FF6A64CC2C5B53680084DA4F /* ClientView.swift */ = {isa = PBXFileReference; lastKnownFileType = sourcecode.swift; path = ClientView.swift; sourceTree = "<group>"; };
		FF9AC3412C5A7887009677CA /* SensorReadingCard.swift */ = {isa = PBXFileReference; lastKnownFileType = sourcecode.swift; path = SensorReadingCard.swift; sourceTree = "<group>"; };
		FF9AC3432C5A8380009677CA /* MessageCell.swift */ = {isa = PBXFileReference; lastKnownFileType = sourcecode.swift; path = MessageCell.swift; sourceTree = "<group>"; };
		FF9AC3462C5A9CFE009677CA /* RegisterView.swift */ = {isa = PBXFileReference; lastKnownFileType = sourcecode.swift; path = RegisterView.swift; sourceTree = "<group>"; };
		FFA3A3002C5755ED0006F2C9 /* SensorProject.app */ = {isa = PBXFileReference; explicitFileType = wrapper.application; includeInIndex = 0; path = SensorProject.app; sourceTree = BUILT_PRODUCTS_DIR; };
		FFA3A3032C5755ED0006F2C9 /* SensorProjectApp.swift */ = {isa = PBXFileReference; lastKnownFileType = sourcecode.swift; path = SensorProjectApp.swift; sourceTree = "<group>"; };
		FFA3A3052C5755ED0006F2C9 /* SensorView.swift */ = {isa = PBXFileReference; lastKnownFileType = sourcecode.swift; path = SensorView.swift; sourceTree = "<group>"; };
		FFA3A3072C5755EE0006F2C9 /* Assets.xcassets */ = {isa = PBXFileReference; lastKnownFileType = folder.assetcatalog; path = Assets.xcassets; sourceTree = "<group>"; };
		FFA3A30A2C5755EE0006F2C9 /* Preview Assets.xcassets */ = {isa = PBXFileReference; lastKnownFileType = folder.assetcatalog; path = "Preview Assets.xcassets"; sourceTree = "<group>"; };
		FFA3A3182C57597D0006F2C9 /* SensorModel.swift */ = {isa = PBXFileReference; lastKnownFileType = sourcecode.swift; path = SensorModel.swift; sourceTree = "<group>"; };
		FFA3A31B2C5759EC0006F2C9 /* Parameter.swift */ = {isa = PBXFileReference; lastKnownFileType = sourcecode.swift; path = Parameter.swift; sourceTree = "<group>"; };
		FFA3A3202C575C430006F2C9 /* PublisherServiceProtocol.swift */ = {isa = PBXFileReference; lastKnownFileType = sourcecode.swift; path = PublisherServiceProtocol.swift; sourceTree = "<group>"; };
		FFA3A3232C57605A0006F2C9 /* Repository.swift */ = {isa = PBXFileReference; lastKnownFileType = sourcecode.swift; path = Repository.swift; sourceTree = "<group>"; };
		FFA3A3252C5760BF0006F2C9 /* SensorViewModel.swift */ = {isa = PBXFileReference; lastKnownFileType = sourcecode.swift; path = SensorViewModel.swift; sourceTree = "<group>"; };
		FFA3A3272C57B0C60006F2C9 /* SubscriberServiceProtocol.swift */ = {isa = PBXFileReference; lastKnownFileType = sourcecode.swift; path = SubscriberServiceProtocol.swift; sourceTree = "<group>"; };
		FFA3A32A2C57C4FA0006F2C9 /* Message.swift */ = {isa = PBXFileReference; lastKnownFileType = sourcecode.swift; path = Message.swift; sourceTree = "<group>"; };
		FFA3A32D2C57CA3F0006F2C9 /* ButtonStyle.swift */ = {isa = PBXFileReference; lastKnownFileType = sourcecode.swift; path = ButtonStyle.swift; sourceTree = "<group>"; };
/* End PBXFileReference section */

/* Begin PBXFrameworksBuildPhase section */
		FFA3A2FD2C5755ED0006F2C9 /* Frameworks */ = {
			isa = PBXFrameworksBuildPhase;
			buildActionMask = 2147483647;
			files = (
				85B9F4D0D3D94887AA65E1E4 /* Pods_SensorProject.framework in Frameworks */,
			);
			runOnlyForDeploymentPostprocessing = 0;
		};
/* End PBXFrameworksBuildPhase section */

/* Begin PBXGroup section */
		1ABE7B3F7C0192182E9F85DF /* Pods */ = {
			isa = PBXGroup;
			children = (
				BDC76336C29DF6988D95288C /* Pods-SensorProject.debug.xcconfig */,
				4D69F4AD31B6A603C1CC18C1 /* Pods-SensorProject.release.xcconfig */,
			);
			path = Pods;
			sourceTree = "<group>";
		};
		AF9DBBB4254CA8B0B4B887CA /* Frameworks */ = {
			isa = PBXGroup;
			children = (
				3925C9B630C3EB683D20B6D1 /* Pods_SensorProject.framework */,
			);
			name = Frameworks;
			sourceTree = "<group>";
		};
		FF6A64C92C5B53060084DA4F /* Client */ = {
			isa = PBXGroup;
			children = (
				FF6A64CA2C5B531C0084DA4F /* ClientViewModel.swift */,
				FF6A64CC2C5B53680084DA4F /* ClientView.swift */,
			);
			path = Client;
			sourceTree = "<group>";
		};
		FF9AC33F2C5A7851009677CA /* Components */ = {
			isa = PBXGroup;
			children = (
				FF9AC3402C5A785B009677CA /* Sensor */,
				FF9AC3432C5A8380009677CA /* MessageCell.swift */,
			);
			path = Components;
			sourceTree = "<group>";
		};
		FF9AC3402C5A785B009677CA /* Sensor */ = {
			isa = PBXGroup;
			children = (
				FF9AC3412C5A7887009677CA /* SensorReadingCard.swift */,
			);
			path = Sensor;
			sourceTree = "<group>";
		};
		FF9AC3452C5A9CD6009677CA /* Sensor */ = {
			isa = PBXGroup;
			children = (
				FFA3A3052C5755ED0006F2C9 /* SensorView.swift */,
				FFA3A3252C5760BF0006F2C9 /* SensorViewModel.swift */,
			);
			path = Sensor;
			sourceTree = "<group>";
		};
		FFA3A2F72C5755ED0006F2C9 = {
			isa = PBXGroup;
			children = (
				FFA3A3022C5755ED0006F2C9 /* SensorProject */,
				FFA3A3012C5755ED0006F2C9 /* Products */,
				1ABE7B3F7C0192182E9F85DF /* Pods */,
				AF9DBBB4254CA8B0B4B887CA /* Frameworks */,
			);
			sourceTree = "<group>";
		};
		FFA3A3012C5755ED0006F2C9 /* Products */ = {
			isa = PBXGroup;
			children = (
				FFA3A3002C5755ED0006F2C9 /* SensorProject.app */,
			);
			name = Products;
			sourceTree = "<group>";
		};
		FFA3A3022C5755ED0006F2C9 /* SensorProject */ = {
			isa = PBXGroup;
			children = (
				FFA3A3132C5759380006F2C9 /* Resouce */,
				FFA3A3122C5759320006F2C9 /* Source */,
				FFA3A3112C57592D0006F2C9 /* App */,
				FFA3A3092C5755EE0006F2C9 /* Preview Content */,
			);
			path = SensorProject;
			sourceTree = "<group>";
		};
		FFA3A3092C5755EE0006F2C9 /* Preview Content */ = {
			isa = PBXGroup;
			children = (
				FFA3A30A2C5755EE0006F2C9 /* Preview Assets.xcassets */,
			);
			path = "Preview Content";
			sourceTree = "<group>";
		};
		FFA3A3112C57592D0006F2C9 /* App */ = {
			isa = PBXGroup;
			children = (
				FFA3A3032C5755ED0006F2C9 /* SensorProjectApp.swift */,
			);
			path = App;
			sourceTree = "<group>";
		};
		FFA3A3122C5759320006F2C9 /* Source */ = {
			isa = PBXGroup;
			children = (
				FFA3A3172C57596F0006F2C9 /* Model */,
				FFA3A3162C5759620006F2C9 /* Service */,
				FFA3A3152C5759580006F2C9 /* Repository */,
				FFA3A3142C5759520006F2C9 /* Presentation */,
			);
			path = Source;
			sourceTree = "<group>";
		};
		FFA3A3132C5759380006F2C9 /* Resouce */ = {
			isa = PBXGroup;
			children = (
				FFA3A3072C5755EE0006F2C9 /* Assets.xcassets */,
			);
			path = Resouce;
			sourceTree = "<group>";
		};
		FFA3A3142C5759520006F2C9 /* Presentation */ = {
			isa = PBXGroup;
			children = (
				FF6A64C92C5B53060084DA4F /* Client */,
				FF9AC33F2C5A7851009677CA /* Components */,
				FFA3A32C2C57CA320006F2C9 /* Utils */,
				FF9AC3452C5A9CD6009677CA /* Sensor */,
				FFA3A3292C57C4000006F2C9 /* Register */,
			);
			path = Presentation;
			sourceTree = "<group>";
		};
		FFA3A3152C5759580006F2C9 /* Repository */ = {
			isa = PBXGroup;
			children = (
				FFA3A3232C57605A0006F2C9 /* Repository.swift */,
			);
			path = Repository;
			sourceTree = "<group>";
		};
		FFA3A3162C5759620006F2C9 /* Service */ = {
			isa = PBXGroup;
			children = (
				FFA3A3202C575C430006F2C9 /* PublisherServiceProtocol.swift */,
				FFA3A3272C57B0C60006F2C9 /* SubscriberServiceProtocol.swift */,
			);
			path = Service;
			sourceTree = "<group>";
		};
		FFA3A3172C57596F0006F2C9 /* Model */ = {
			isa = PBXGroup;
			children = (
				FFA3A31B2C5759EC0006F2C9 /* Parameter.swift */,
				FFA3A32A2C57C4FA0006F2C9 /* Message.swift */,
				FFA3A3182C57597D0006F2C9 /* SensorModel.swift */,
				FF6A64C72C5B49890084DA4F /* Topic.swift */,
			);
			path = Model;
			sourceTree = "<group>";
		};
		FFA3A3292C57C4000006F2C9 /* Register */ = {
			isa = PBXGroup;
			children = (
				FF9AC3462C5A9CFE009677CA /* RegisterView.swift */,
				FF6A64C52C5B24900084DA4F /* RegisterViewModel.swift */,
			);
			path = Register;
			sourceTree = "<group>";
		};
		FFA3A32C2C57CA320006F2C9 /* Utils */ = {
			isa = PBXGroup;
			children = (
				FFA3A32D2C57CA3F0006F2C9 /* ButtonStyle.swift */,
			);
			path = Utils;
			sourceTree = "<group>";
		};
/* End PBXGroup section */

/* Begin PBXNativeTarget section */
		FFA3A2FF2C5755ED0006F2C9 /* SensorProject */ = {
			isa = PBXNativeTarget;
			buildConfigurationList = FFA3A30E2C5755EE0006F2C9 /* Build configuration list for PBXNativeTarget "SensorProject" */;
			buildPhases = (
				C8FB85926622BB11E9089A11 /* [CP] Check Pods Manifest.lock */,
				FFA3A2FC2C5755ED0006F2C9 /* Sources */,
				FFA3A2FD2C5755ED0006F2C9 /* Frameworks */,
				FFA3A2FE2C5755ED0006F2C9 /* Resources */,
				C3BD757BFC7760645E31BFEA /* [CP] Embed Pods Frameworks */,
			);
			buildRules = (
			);
			dependencies = (
			);
			name = SensorProject;
			productName = SensorProject;
			productReference = FFA3A3002C5755ED0006F2C9 /* SensorProject.app */;
			productType = "com.apple.product-type.application";
		};
/* End PBXNativeTarget section */

/* Begin PBXProject section */
		FFA3A2F82C5755ED0006F2C9 /* Project object */ = {
			isa = PBXProject;
			attributes = {
				BuildIndependentTargetsInParallel = 1;
				LastSwiftUpdateCheck = 1540;
				LastUpgradeCheck = 1540;
				TargetAttributes = {
					FFA3A2FF2C5755ED0006F2C9 = {
						CreatedOnToolsVersion = 15.4;
					};
				};
			};
			buildConfigurationList = FFA3A2FB2C5755ED0006F2C9 /* Build configuration list for PBXProject "SensorProject" */;
			compatibilityVersion = "Xcode 14.0";
			developmentRegion = en;
			hasScannedForEncodings = 0;
			knownRegions = (
				en,
				Base,
			);
			mainGroup = FFA3A2F72C5755ED0006F2C9;
			packageReferences = (
				FFA3A3222C575E380006F2C9 /* XCRemoteSwiftPackageReference "rabbitmq-objc-client" */,
			);
			productRefGroup = FFA3A3012C5755ED0006F2C9 /* Products */;
			projectDirPath = "";
			projectRoot = "";
			targets = (
				FFA3A2FF2C5755ED0006F2C9 /* SensorProject */,
			);
		};
/* End PBXProject section */

/* Begin PBXResourcesBuildPhase section */
		FFA3A2FE2C5755ED0006F2C9 /* Resources */ = {
			isa = PBXResourcesBuildPhase;
			buildActionMask = 2147483647;
			files = (
				FFA3A30B2C5755EE0006F2C9 /* Preview Assets.xcassets in Resources */,
				FFA3A3082C5755EE0006F2C9 /* Assets.xcassets in Resources */,
			);
			runOnlyForDeploymentPostprocessing = 0;
		};
/* End PBXResourcesBuildPhase section */

/* Begin PBXShellScriptBuildPhase section */
		C3BD757BFC7760645E31BFEA /* [CP] Embed Pods Frameworks */ = {
			isa = PBXShellScriptBuildPhase;
			buildActionMask = 2147483647;
			files = (
			);
			inputFileListPaths = (
				"${PODS_ROOT}/Target Support Files/Pods-SensorProject/Pods-SensorProject-frameworks-${CONFIGURATION}-input-files.xcfilelist",
			);
			name = "[CP] Embed Pods Frameworks";
			outputFileListPaths = (
				"${PODS_ROOT}/Target Support Files/Pods-SensorProject/Pods-SensorProject-frameworks-${CONFIGURATION}-output-files.xcfilelist",
			);
			runOnlyForDeploymentPostprocessing = 0;
			shellPath = /bin/sh;
			shellScript = "\"${PODS_ROOT}/Target Support Files/Pods-SensorProject/Pods-SensorProject-frameworks.sh\"\n";
			showEnvVarsInLog = 0;
		};
		C8FB85926622BB11E9089A11 /* [CP] Check Pods Manifest.lock */ = {
			isa = PBXShellScriptBuildPhase;
			buildActionMask = 2147483647;
			files = (
			);
			inputFileListPaths = (
			);
			inputPaths = (
				"${PODS_PODFILE_DIR_PATH}/Podfile.lock",
				"${PODS_ROOT}/Manifest.lock",
			);
			name = "[CP] Check Pods Manifest.lock";
			outputFileListPaths = (
			);
			outputPaths = (
				"$(DERIVED_FILE_DIR)/Pods-SensorProject-checkManifestLockResult.txt",
			);
			runOnlyForDeploymentPostprocessing = 0;
			shellPath = /bin/sh;
			shellScript = "diff \"${PODS_PODFILE_DIR_PATH}/Podfile.lock\" \"${PODS_ROOT}/Manifest.lock\" > /dev/null\nif [ $? != 0 ] ; then\n    # print error to STDERR\n    echo \"error: The sandbox is not in sync with the Podfile.lock. Run 'pod install' or update your CocoaPods installation.\" >&2\n    exit 1\nfi\n# This output is used by Xcode 'outputs' to avoid re-running this script phase.\necho \"SUCCESS\" > \"${SCRIPT_OUTPUT_FILE_0}\"\n";
			showEnvVarsInLog = 0;
		};
/* End PBXShellScriptBuildPhase section */

/* Begin PBXSourcesBuildPhase section */
		FFA3A2FC2C5755ED0006F2C9 /* Sources */ = {
			isa = PBXSourcesBuildPhase;
			buildActionMask = 2147483647;
			files = (
				FFA3A3242C57605A0006F2C9 /* Repository.swift in Sources */,
				FF6A64CB2C5B531C0084DA4F /* ClientViewModel.swift in Sources */,
				FF6A64C82C5B49890084DA4F /* Topic.swift in Sources */,
				FFA3A3282C57B0C60006F2C9 /* SubscriberServiceProtocol.swift in Sources */,
				FF9AC3472C5A9CFE009677CA /* RegisterView.swift in Sources */,
				FF9AC3422C5A7887009677CA /* SensorReadingCard.swift in Sources */,
				FF6A64CD2C5B53680084DA4F /* ClientView.swift in Sources */,
				FFA3A3192C57597D0006F2C9 /* SensorModel.swift in Sources */,
				FFA3A32E2C57CA3F0006F2C9 /* ButtonStyle.swift in Sources */,
				FF9AC3442C5A8380009677CA /* MessageCell.swift in Sources */,
				FFA3A32B2C57C4FA0006F2C9 /* Message.swift in Sources */,
				FFA3A31C2C5759EC0006F2C9 /* Parameter.swift in Sources */,
				FF6A64C62C5B24900084DA4F /* RegisterViewModel.swift in Sources */,
				FFA3A3212C575C430006F2C9 /* PublisherServiceProtocol.swift in Sources */,
				FFA3A3062C5755ED0006F2C9 /* SensorView.swift in Sources */,
				FFA3A3262C5760BF0006F2C9 /* SensorViewModel.swift in Sources */,
				FFA3A3042C5755ED0006F2C9 /* SensorProjectApp.swift in Sources */,
			);
			runOnlyForDeploymentPostprocessing = 0;
		};
/* End PBXSourcesBuildPhase section */

/* Begin XCBuildConfiguration section */
		FFA3A30C2C5755EE0006F2C9 /* Debug */ = {
			isa = XCBuildConfiguration;
			buildSettings = {
				ALWAYS_SEARCH_USER_PATHS = NO;
				ASSETCATALOG_COMPILER_GENERATE_SWIFT_ASSET_SYMBOL_EXTENSIONS = YES;
				CLANG_ANALYZER_NONNULL = YES;
				CLANG_ANALYZER_NUMBER_OBJECT_CONVERSION = YES_AGGRESSIVE;
				CLANG_CXX_LANGUAGE_STANDARD = "gnu++20";
				CLANG_ENABLE_MODULES = YES;
				CLANG_ENABLE_OBJC_ARC = YES;
				CLANG_ENABLE_OBJC_WEAK = YES;
				CLANG_WARN_BLOCK_CAPTURE_AUTORELEASING = YES;
				CLANG_WARN_BOOL_CONVERSION = YES;
				CLANG_WARN_COMMA = YES;
				CLANG_WARN_CONSTANT_CONVERSION = YES;
				CLANG_WARN_DEPRECATED_OBJC_IMPLEMENTATIONS = YES;
				CLANG_WARN_DIRECT_OBJC_ISA_USAGE = YES_ERROR;
				CLANG_WARN_DOCUMENTATION_COMMENTS = YES;
				CLANG_WARN_EMPTY_BODY = YES;
				CLANG_WARN_ENUM_CONVERSION = YES;
				CLANG_WARN_INFINITE_RECURSION = YES;
				CLANG_WARN_INT_CONVERSION = YES;
				CLANG_WARN_NON_LITERAL_NULL_CONVERSION = YES;
				CLANG_WARN_OBJC_IMPLICIT_RETAIN_SELF = YES;
				CLANG_WARN_OBJC_LITERAL_CONVERSION = YES;
				CLANG_WARN_OBJC_ROOT_CLASS = YES_ERROR;
				CLANG_WARN_QUOTED_INCLUDE_IN_FRAMEWORK_HEADER = YES;
				CLANG_WARN_RANGE_LOOP_ANALYSIS = YES;
				CLANG_WARN_STRICT_PROTOTYPES = YES;
				CLANG_WARN_SUSPICIOUS_MOVE = YES;
				CLANG_WARN_UNGUARDED_AVAILABILITY = YES_AGGRESSIVE;
				CLANG_WARN_UNREACHABLE_CODE = YES;
				CLANG_WARN__DUPLICATE_METHOD_MATCH = YES;
				COPY_PHASE_STRIP = NO;
				DEBUG_INFORMATION_FORMAT = dwarf;
				ENABLE_STRICT_OBJC_MSGSEND = YES;
				ENABLE_TESTABILITY = YES;
				ENABLE_USER_SCRIPT_SANDBOXING = NO;
				GCC_C_LANGUAGE_STANDARD = gnu17;
				GCC_DYNAMIC_NO_PIC = NO;
				GCC_NO_COMMON_BLOCKS = YES;
				GCC_OPTIMIZATION_LEVEL = 0;
				GCC_PREPROCESSOR_DEFINITIONS = (
					"DEBUG=1",
					"$(inherited)",
				);
				GCC_WARN_64_TO_32_BIT_CONVERSION = YES;
				GCC_WARN_ABOUT_RETURN_TYPE = YES_ERROR;
				GCC_WARN_UNDECLARED_SELECTOR = YES;
				GCC_WARN_UNINITIALIZED_AUTOS = YES_AGGRESSIVE;
				GCC_WARN_UNUSED_FUNCTION = YES;
				GCC_WARN_UNUSED_VARIABLE = YES;
				IPHONEOS_DEPLOYMENT_TARGET = 17.5;
				LOCALIZATION_PREFERS_STRING_CATALOGS = YES;
				MTL_ENABLE_DEBUG_INFO = INCLUDE_SOURCE;
				MTL_FAST_MATH = YES;
				ONLY_ACTIVE_ARCH = YES;
				SDKROOT = iphoneos;
				SWIFT_ACTIVE_COMPILATION_CONDITIONS = "DEBUG $(inherited)";
				SWIFT_OPTIMIZATION_LEVEL = "-Onone";
			};
			name = Debug;
		};
		FFA3A30D2C5755EE0006F2C9 /* Release */ = {
			isa = XCBuildConfiguration;
			buildSettings = {
				ALWAYS_SEARCH_USER_PATHS = NO;
				ASSETCATALOG_COMPILER_GENERATE_SWIFT_ASSET_SYMBOL_EXTENSIONS = YES;
				CLANG_ANALYZER_NONNULL = YES;
				CLANG_ANALYZER_NUMBER_OBJECT_CONVERSION = YES_AGGRESSIVE;
				CLANG_CXX_LANGUAGE_STANDARD = "gnu++20";
				CLANG_ENABLE_MODULES = YES;
				CLANG_ENABLE_OBJC_ARC = YES;
				CLANG_ENABLE_OBJC_WEAK = YES;
				CLANG_WARN_BLOCK_CAPTURE_AUTORELEASING = YES;
				CLANG_WARN_BOOL_CONVERSION = YES;
				CLANG_WARN_COMMA = YES;
				CLANG_WARN_CONSTANT_CONVERSION = YES;
				CLANG_WARN_DEPRECATED_OBJC_IMPLEMENTATIONS = YES;
				CLANG_WARN_DIRECT_OBJC_ISA_USAGE = YES_ERROR;
				CLANG_WARN_DOCUMENTATION_COMMENTS = YES;
				CLANG_WARN_EMPTY_BODY = YES;
				CLANG_WARN_ENUM_CONVERSION = YES;
				CLANG_WARN_INFINITE_RECURSION = YES;
				CLANG_WARN_INT_CONVERSION = YES;
				CLANG_WARN_NON_LITERAL_NULL_CONVERSION = YES;
				CLANG_WARN_OBJC_IMPLICIT_RETAIN_SELF = YES;
				CLANG_WARN_OBJC_LITERAL_CONVERSION = YES;
				CLANG_WARN_OBJC_ROOT_CLASS = YES_ERROR;
				CLANG_WARN_QUOTED_INCLUDE_IN_FRAMEWORK_HEADER = YES;
				CLANG_WARN_RANGE_LOOP_ANALYSIS = YES;
				CLANG_WARN_STRICT_PROTOTYPES = YES;
				CLANG_WARN_SUSPICIOUS_MOVE = YES;
				CLANG_WARN_UNGUARDED_AVAILABILITY = YES_AGGRESSIVE;
				CLANG_WARN_UNREACHABLE_CODE = YES;
				CLANG_WARN__DUPLICATE_METHOD_MATCH = YES;
				COPY_PHASE_STRIP = NO;
				DEBUG_INFORMATION_FORMAT = "dwarf-with-dsym";
				ENABLE_NS_ASSERTIONS = NO;
				ENABLE_STRICT_OBJC_MSGSEND = YES;
				ENABLE_USER_SCRIPT_SANDBOXING = NO;
				GCC_C_LANGUAGE_STANDARD = gnu17;
				GCC_NO_COMMON_BLOCKS = YES;
				GCC_WARN_64_TO_32_BIT_CONVERSION = YES;
				GCC_WARN_ABOUT_RETURN_TYPE = YES_ERROR;
				GCC_WARN_UNDECLARED_SELECTOR = YES;
				GCC_WARN_UNINITIALIZED_AUTOS = YES_AGGRESSIVE;
				GCC_WARN_UNUSED_FUNCTION = YES;
				GCC_WARN_UNUSED_VARIABLE = YES;
				IPHONEOS_DEPLOYMENT_TARGET = 17.5;
				LOCALIZATION_PREFERS_STRING_CATALOGS = YES;
				MTL_ENABLE_DEBUG_INFO = NO;
				MTL_FAST_MATH = YES;
				SDKROOT = iphoneos;
				SWIFT_COMPILATION_MODE = wholemodule;
				VALIDATE_PRODUCT = YES;
			};
			name = Release;
		};
		FFA3A30F2C5755EE0006F2C9 /* Debug */ = {
			isa = XCBuildConfiguration;
			baseConfigurationReference = BDC76336C29DF6988D95288C /* Pods-SensorProject.debug.xcconfig */;
			buildSettings = {
				ASSETCATALOG_COMPILER_APPICON_NAME = AppIcon;
				ASSETCATALOG_COMPILER_GLOBAL_ACCENT_COLOR_NAME = AccentColor;
				CODE_SIGN_STYLE = Automatic;
				CURRENT_PROJECT_VERSION = 1;
				DEVELOPMENT_ASSET_PATHS = "\"SensorProject/Preview Content\"";
				DEVELOPMENT_TEAM = NTS86MKTBV;
				ENABLE_PREVIEWS = YES;
				GENERATE_INFOPLIST_FILE = YES;
				INFOPLIST_KEY_UIApplicationSceneManifest_Generation = YES;
				INFOPLIST_KEY_UIApplicationSupportsIndirectInputEvents = YES;
				INFOPLIST_KEY_UILaunchScreen_Generation = YES;
				INFOPLIST_KEY_UIStatusBarStyle = "";
				INFOPLIST_KEY_UISupportedInterfaceOrientations = UIInterfaceOrientationPortrait;
				INFOPLIST_KEY_UISupportedInterfaceOrientations_iPad = "UIInterfaceOrientationLandscapeLeft UIInterfaceOrientationLandscapeRight UIInterfaceOrientationPortrait UIInterfaceOrientationPortraitUpsideDown";
				IPHONEOS_DEPLOYMENT_TARGET = 14.0;
				LD_RUNPATH_SEARCH_PATHS = (
					"$(inherited)",
					"@executable_path/Frameworks",
				);
				MARKETING_VERSION = 1.0;
				PRODUCT_BUNDLE_IDENTIFIER = com.beatrizlds.SensorProject;
				PRODUCT_NAME = "$(TARGET_NAME)";
				SUPPORTED_PLATFORMS = "iphoneos iphonesimulator";
				SUPPORTS_MACCATALYST = NO;
				SUPPORTS_MAC_DESIGNED_FOR_IPHONE_IPAD = NO;
				SUPPORTS_XR_DESIGNED_FOR_IPHONE_IPAD = NO;
				SWIFT_EMIT_LOC_STRINGS = YES;
				SWIFT_VERSION = 5.0;
				TARGETED_DEVICE_FAMILY = 1;
			};
			name = Debug;
		};
		FFA3A3102C5755EE0006F2C9 /* Release */ = {
			isa = XCBuildConfiguration;
			baseConfigurationReference = 4D69F4AD31B6A603C1CC18C1 /* Pods-SensorProject.release.xcconfig */;
			buildSettings = {
				ASSETCATALOG_COMPILER_APPICON_NAME = AppIcon;
				ASSETCATALOG_COMPILER_GLOBAL_ACCENT_COLOR_NAME = AccentColor;
				CODE_SIGN_STYLE = Automatic;
				CURRENT_PROJECT_VERSION = 1;
				DEVELOPMENT_ASSET_PATHS = "\"SensorProject/Preview Content\"";
				DEVELOPMENT_TEAM = NTS86MKTBV;
				ENABLE_PREVIEWS = YES;
				GENERATE_INFOPLIST_FILE = YES;
				INFOPLIST_KEY_UIApplicationSceneManifest_Generation = YES;
				INFOPLIST_KEY_UIApplicationSupportsIndirectInputEvents = YES;
				INFOPLIST_KEY_UILaunchScreen_Generation = YES;
				INFOPLIST_KEY_UIStatusBarStyle = "";
				INFOPLIST_KEY_UISupportedInterfaceOrientations = UIInterfaceOrientationPortrait;
				INFOPLIST_KEY_UISupportedInterfaceOrientations_iPad = "UIInterfaceOrientationLandscapeLeft UIInterfaceOrientationLandscapeRight UIInterfaceOrientationPortrait UIInterfaceOrientationPortraitUpsideDown";
				IPHONEOS_DEPLOYMENT_TARGET = 14.0;
				LD_RUNPATH_SEARCH_PATHS = (
					"$(inherited)",
					"@executable_path/Frameworks",
				);
				MARKETING_VERSION = 1.0;
				PRODUCT_BUNDLE_IDENTIFIER = com.beatrizlds.SensorProject;
				PRODUCT_NAME = "$(TARGET_NAME)";
				SUPPORTED_PLATFORMS = "iphoneos iphonesimulator";
				SUPPORTS_MACCATALYST = NO;
				SUPPORTS_MAC_DESIGNED_FOR_IPHONE_IPAD = NO;
				SUPPORTS_XR_DESIGNED_FOR_IPHONE_IPAD = NO;
				SWIFT_EMIT_LOC_STRINGS = YES;
				SWIFT_VERSION = 5.0;
				TARGETED_DEVICE_FAMILY = 1;
			};
			name = Release;
		};
/* End XCBuildConfiguration section */

/* Begin XCConfigurationList section */
		FFA3A2FB2C5755ED0006F2C9 /* Build configuration list for PBXProject "SensorProject" */ = {
			isa = XCConfigurationList;
			buildConfigurations = (
				FFA3A30C2C5755EE0006F2C9 /* Debug */,
				FFA3A30D2C5755EE0006F2C9 /* Release */,
			);
			defaultConfigurationIsVisible = 0;
			defaultConfigurationName = Release;
		};
		FFA3A30E2C5755EE0006F2C9 /* Build configuration list for PBXNativeTarget "SensorProject" */ = {
			isa = XCConfigurationList;
			buildConfigurations = (
				FFA3A30F2C5755EE0006F2C9 /* Debug */,
				FFA3A3102C5755EE0006F2C9 /* Release */,
			);
			defaultConfigurationIsVisible = 0;
			defaultConfigurationName = Release;
		};
/* End XCConfigurationList section */

/* Begin XCRemoteSwiftPackageReference section */
		FFA3A3222C575E380006F2C9 /* XCRemoteSwiftPackageReference "rabbitmq-objc-client" */ = {
			isa = XCRemoteSwiftPackageReference;
			repositoryURL = "https://github.com/rabbitmq/rabbitmq-objc-client";
			requirement = {
				branch = main;
				kind = branch;
			};
		};
/* End XCRemoteSwiftPackageReference section */
	};
	rootObject = FFA3A2F82C5755ED0006F2C9 /* Project object */;
}
